{
  "version": 4,
  "terraform_version": "1.2.5",
  "serial": 90,
  "lineage": "773ad590-f127-0db3-7e31-6f8539527a73",
  "outputs": {
    "Master-IPS": {
      "value": [
        [
          "192.168.2.102"
        ]
      ],
      "type": [
        "tuple",
        [
          [
            "tuple",
            [
              "string"
            ]
          ]
        ]
      ]
    },
    "worker-IPS": {
      "value": [
        [
          "192.168.2.103",
          "192.168.2.104"
        ]
      ],
      "type": [
        "tuple",
        [
          [
            "tuple",
            [
              "string",
              "string"
            ]
          ]
        ]
      ]
    }
  },
  "resources": [
    {
      "mode": "data",
      "type": "template_file",
      "name": "cloud-init-user-data",
      "provider": "provider[\"registry.terraform.io/hashicorp/template\"]",
      "instances": [
        {
          "schema_version": 0,
          "attributes": {
            "filename": null,
            "id": "3af1d12537f9a7b406913189fea0a0004e86a2ada5e330839e038f5f27224ec5",
            "rendered": "#cloud-config\nautoinstall:\n  version: 1\n  locale: en_US\n  keyboard:\n    layout: fr\n  ssh:\n    install-server: true\n    allow-pw: true\n  packages:\n    - qemu-guest-agent\n  user-data:\n    users:\n        - name: canadium\n          passwd: $6$exDY1mhS4KUYCE/2$zmn9ToZwTKLhCw.b4/b.ZRTIZM30JZ4QrOQ2aOXJ8yk96xpcCof0kxKwuX1kqLG/ygbJ1f8wxED22bTL4F46P0\n          groups: [adm, cdrom, dip, plugdev, lxd, sudo]\n          lock-passwd: false\n          sudo: ALL=(ALL) NOPASSWD:ALL\n          shell: /bin/bash\n          ssh_authorized_keys:\n            - ssh-rsa AAAAB3NzaC1yc2EAAAADAQABAAABgQCo9n+WpaL7DapKUdpQyeQ1UxZg2ovqKleek+qYoLwvz8hyHhT+It+PugxVY2vGCZww1HFgVI9q3y4zqX9ysw/idDGlugKe2yPla6tNm4KN/z70hrV48UCodkHdXa+thAV7SgsbEiKMJ/uUTMiMeUXUqXoTictUxl0v2vtXUQZK+bTe5IEfCcz6y0/f3IQQG31ODGnlCT5aVQZ9TSYD9LcMuISI4xTgCmoF+5eLDemNKxTGzDB1V6P2fyFD4UvovxPbVzjU+wPRt+pN/ft+4VoyHRC2O1BEZXc90sfItuQRM5AOL2DHK1BkCTgBG4WozRTPZaEhgmd9u+kLupYD+h0gablBPOV3WPBkixJX/gOQlqCPwXXgWmezRsM7R3cJdPPkOtkb9XKudBQd6Z3I7MFWgmGGJf1UJ/CQpMWIPuhROTimeyRMXh1YQt1FURb/DxuJbTuYpUGmHwqxqiJ7k+Zg/DNxQHEaI7JND36HFpMu6MDwxDqHnb2i52XYbu8vCx8=",
            "template": "#cloud-config\nautoinstall:\n  version: 1\n  locale: en_US\n  keyboard:\n    layout: fr\n  ssh:\n    install-server: true\n    allow-pw: true\n  packages:\n    - qemu-guest-agent\n  user-data:\n    users:\n        - name: ${SUDO_USERNAME}\n          passwd: ${SUDO_PASSWORD_HASH}\n          groups: [adm, cdrom, dip, plugdev, lxd, sudo]\n          lock-passwd: false\n          sudo: ALL=(ALL) NOPASSWD:ALL\n          shell: /bin/bash\n          ssh_authorized_keys:\n            - ${SSH_PUBLIC_KEY}",
            "vars": {
              "SSH_PUBLIC_KEY": "ssh-rsa AAAAB3NzaC1yc2EAAAADAQABAAABgQCo9n+WpaL7DapKUdpQyeQ1UxZg2ovqKleek+qYoLwvz8hyHhT+It+PugxVY2vGCZww1HFgVI9q3y4zqX9ysw/idDGlugKe2yPla6tNm4KN/z70hrV48UCodkHdXa+thAV7SgsbEiKMJ/uUTMiMeUXUqXoTictUxl0v2vtXUQZK+bTe5IEfCcz6y0/f3IQQG31ODGnlCT5aVQZ9TSYD9LcMuISI4xTgCmoF+5eLDemNKxTGzDB1V6P2fyFD4UvovxPbVzjU+wPRt+pN/ft+4VoyHRC2O1BEZXc90sfItuQRM5AOL2DHK1BkCTgBG4WozRTPZaEhgmd9u+kLupYD+h0gablBPOV3WPBkixJX/gOQlqCPwXXgWmezRsM7R3cJdPPkOtkb9XKudBQd6Z3I7MFWgmGGJf1UJ/CQpMWIPuhROTimeyRMXh1YQt1FURb/DxuJbTuYpUGmHwqxqiJ7k+Zg/DNxQHEaI7JND36HFpMu6MDwxDqHnb2i52XYbu8vCx8=",
              "SUDO_PASSWORD_HASH": "$6$exDY1mhS4KUYCE/2$zmn9ToZwTKLhCw.b4/b.ZRTIZM30JZ4QrOQ2aOXJ8yk96xpcCof0kxKwuX1kqLG/ygbJ1f8wxED22bTL4F46P0",
              "SUDO_USERNAME": "canadium"
            }
          },
          "sensitive_attributes": []
        }
      ]
    },
    {
      "mode": "data",
      "type": "template_file",
      "name": "groups_vars_ansible",
      "provider": "provider[\"registry.terraform.io/hashicorp/template\"]",
      "instances": [
        {
          "schema_version": 0,
          "attributes": {
            "filename": null,
            "id": "0c67ef9d42377cc28daa6f593531f4989340e9c20d5ee77a37e5c93b7625bbda",
            "rendered": "k3s_version: v1.24.3+k3s1 #v1.22.2+k3s1\r\nansible_user: canadium\r\nsystemd_dir: /etc/systemd/system\r\nmaster_ip: \"{{ hostvars[groups['master'][0]]['ansible_host'] | default(groups['master'][0]) }}\"\r\nextra_server_args: \"--write-kubeconfig-mode=644\"\r\nextra_agent_args: \"\"\r\ncopy_kubeconfig: true\r\nmetallb: false\r\nmetallb_version: \"v0.12.1\"\r\nmetallb_range: \"192.168.3.93-192.168.3.94\"\r\nargocd: false\r\nargocd_service_type: LoadBalancer\r\ndns_servers: []\r\n",
            "template": "k3s_version: ${K3S_VERSION} #v1.22.2+k3s1\r\nansible_user: ${ANSIBLE_USER}\r\nsystemd_dir: /etc/systemd/system\r\nmaster_ip: \"{{ hostvars[groups['master'][0]]['ansible_host'] | default(groups['master'][0]) }}\"\r\nextra_server_args: \"--write-kubeconfig-mode=644\"\r\nextra_agent_args: \"\"\r\ncopy_kubeconfig: true\r\nmetallb: false\r\nmetallb_version: \"v0.12.1\"\r\nmetallb_range: \"192.168.3.93-192.168.3.94\"\r\nargocd: false\r\nargocd_service_type: LoadBalancer\r\ndns_servers: []\r\n",
            "vars": {
              "ANSIBLE_USER": "canadium",
              "K3S_VERSION": "v1.24.3+k3s1"
            }
          },
          "sensitive_attributes": []
        }
      ]
    },
    {
      "mode": "data",
      "type": "template_file",
      "name": "k8s",
      "provider": "provider[\"registry.terraform.io/hashicorp/template\"]",
      "instances": [
        {
          "schema_version": 0,
          "attributes": {
            "filename": null,
            "id": "c7937f9aea84b3a63f6c4a0ae22f9c1a0390c928086bcb626e674c5e62327c03",
            "rendered": "[master]\n192.168.2.102 ansible_ssh_private_key_file=~/.ssh/ansible_rsa\n\n[node]\n192.168.2.103 ansible_ssh_private_key_file=~/.ssh/ansible_rsa\n192.168.2.104 ansible_ssh_private_key_file=~/.ssh/ansible_rsa\n\n[k3s_cluster:children]\nmaster\nnode",
            "template": "[master]\n${k3s_master_ip}\n\n[node]\n${k3s_node_ip}\n\n[k3s_cluster:children]\nmaster\nnode",
            "vars": {
              "k3s_master_ip": "192.168.2.102 ansible_ssh_private_key_file=~/.ssh/ansible_rsa",
              "k3s_node_ip": "192.168.2.103 ansible_ssh_private_key_file=~/.ssh/ansible_rsa\n192.168.2.104 ansible_ssh_private_key_file=~/.ssh/ansible_rsa"
            }
          },
          "sensitive_attributes": []
        }
      ]
    },
    {
      "mode": "managed",
      "type": "local_file",
      "name": "groups_vars_ansible",
      "provider": "provider[\"registry.terraform.io/hashicorp/local\"]",
      "instances": [
        {
          "schema_version": 0,
          "attributes": {
            "content": "k3s_version: v1.24.3+k3s1 #v1.22.2+k3s1\r\nansible_user: canadium\r\nsystemd_dir: /etc/systemd/system\r\nmaster_ip: \"{{ hostvars[groups['master'][0]]['ansible_host'] | default(groups['master'][0]) }}\"\r\nextra_server_args: \"--write-kubeconfig-mode=644\"\r\nextra_agent_args: \"\"\r\ncopy_kubeconfig: true\r\nmetallb: false\r\nmetallb_version: \"v0.12.1\"\r\nmetallb_range: \"192.168.3.93-192.168.3.94\"\r\nargocd: false\r\nargocd_service_type: LoadBalancer\r\ndns_servers: []\r\n",
            "content_base64": null,
            "directory_permission": "0777",
            "file_permission": "0777",
            "filename": "./ansible/group_vars/all.yml",
            "id": "bf6661e9c3a2f3b91c6d67427d8bbd207e379f17",
            "sensitive_content": null,
            "source": null
          },
          "sensitive_attributes": [],
          "private": "bnVsbA==",
          "dependencies": [
            "data.template_file.groups_vars_ansible"
          ]
        }
      ]
    },
    {
      "mode": "managed",
      "type": "local_file",
      "name": "k8s_file",
      "provider": "provider[\"registry.terraform.io/hashicorp/local\"]",
      "instances": [
        {
          "schema_version": 0,
          "attributes": {
            "content": "[master]\n192.168.2.102 ansible_ssh_private_key_file=~/.ssh/ansible_rsa\n\n[node]\n192.168.2.103 ansible_ssh_private_key_file=~/.ssh/ansible_rsa\n192.168.2.104 ansible_ssh_private_key_file=~/.ssh/ansible_rsa\n\n[k3s_cluster:children]\nmaster\nnode",
            "content_base64": null,
            "directory_permission": "0777",
            "file_permission": "0777",
            "filename": "./ansible/hosts",
            "id": "ffb088aed89a11c436aa4fc5cdb32cb1595054f8",
            "sensitive_content": null,
            "source": null
          },
          "sensitive_attributes": [],
          "private": "bnVsbA==",
          "dependencies": [
            "data.template_file.cloud-init-user-data",
            "data.template_file.k8s",
            "local_file.user-data",
            "null_resource.packer_build",
            "proxmox_vm_qemu.proxmox_vm_master",
            "proxmox_vm_qemu.proxmox_vm_workers"
          ]
        }
      ]
    },
    {
      "mode": "managed",
      "type": "local_file",
      "name": "user-data",
      "provider": "provider[\"registry.terraform.io/hashicorp/local\"]",
      "instances": [
        {
          "schema_version": 0,
          "attributes": {
            "content": "#cloud-config\nautoinstall:\n  version: 1\n  locale: en_US\n  keyboard:\n    layout: fr\n  ssh:\n    install-server: true\n    allow-pw: true\n  packages:\n    - qemu-guest-agent\n  user-data:\n    users:\n        - name: canadium\n          passwd: $6$exDY1mhS4KUYCE/2$zmn9ToZwTKLhCw.b4/b.ZRTIZM30JZ4QrOQ2aOXJ8yk96xpcCof0kxKwuX1kqLG/ygbJ1f8wxED22bTL4F46P0\n          groups: [adm, cdrom, dip, plugdev, lxd, sudo]\n          lock-passwd: false\n          sudo: ALL=(ALL) NOPASSWD:ALL\n          shell: /bin/bash\n          ssh_authorized_keys:\n            - ssh-rsa AAAAB3NzaC1yc2EAAAADAQABAAABgQCo9n+WpaL7DapKUdpQyeQ1UxZg2ovqKleek+qYoLwvz8hyHhT+It+PugxVY2vGCZww1HFgVI9q3y4zqX9ysw/idDGlugKe2yPla6tNm4KN/z70hrV48UCodkHdXa+thAV7SgsbEiKMJ/uUTMiMeUXUqXoTictUxl0v2vtXUQZK+bTe5IEfCcz6y0/f3IQQG31ODGnlCT5aVQZ9TSYD9LcMuISI4xTgCmoF+5eLDemNKxTGzDB1V6P2fyFD4UvovxPbVzjU+wPRt+pN/ft+4VoyHRC2O1BEZXc90sfItuQRM5AOL2DHK1BkCTgBG4WozRTPZaEhgmd9u+kLupYD+h0gablBPOV3WPBkixJX/gOQlqCPwXXgWmezRsM7R3cJdPPkOtkb9XKudBQd6Z3I7MFWgmGGJf1UJ/CQpMWIPuhROTimeyRMXh1YQt1FURb/DxuJbTuYpUGmHwqxqiJ7k+Zg/DNxQHEaI7JND36HFpMu6MDwxDqHnb2i52XYbu8vCx8=",
            "content_base64": null,
            "directory_permission": "0777",
            "file_permission": "0777",
            "filename": "./packer/ubuntu20.04/http/user-data",
            "id": "fbbffda1f8416ecc4e4f128a8adf9ae34fe674e1",
            "sensitive_content": null,
            "source": null
          },
          "sensitive_attributes": [],
          "private": "bnVsbA==",
          "dependencies": [
            "data.template_file.cloud-init-user-data"
          ]
        }
      ]
    },
    {
      "mode": "managed",
      "type": "null_resource",
      "name": "ansible-playbook",
      "provider": "provider[\"registry.terraform.io/hashicorp/null\"]",
      "instances": [
        {
          "schema_version": 0,
          "attributes": {
            "id": "6167108669790698954",
            "triggers": null
          },
          "sensitive_attributes": [],
          "private": "bnVsbA==",
          "dependencies": [
            "data.template_file.cloud-init-user-data",
            "data.template_file.groups_vars_ansible",
            "data.template_file.k8s",
            "local_file.groups_vars_ansible",
            "local_file.k8s_file",
            "local_file.user-data",
            "null_resource.packer_build",
            "proxmox_vm_qemu.proxmox_vm_master",
            "proxmox_vm_qemu.proxmox_vm_workers"
          ]
        }
      ]
    },
    {
      "mode": "managed",
      "type": "null_resource",
      "name": "packer_build",
      "provider": "provider[\"registry.terraform.io/hashicorp/null\"]",
      "instances": [
        {
          "schema_version": 0,
          "attributes": {
            "id": "7857084356417041674",
            "triggers": {
              "packer_cfg": "\"PKR_VAR_http_directory\": \"http\"\n\"PKR_VAR_iso_checksum\": \"28ccdb56450e643bad03bb7bcf7507ce3d8d90e8bf09e38f6bd9ac298a98eaad\"\n\"PKR_VAR_iso_storage_pool\": \"local\"\n\"PKR_VAR_iso_url\": \"https://releases.ubuntu.com/20.04/ubuntu-20.04.4-live-server-amd64.iso\"\n\"PKR_VAR_proxmox_hostname\": \"https://192.168.2.100:8006\"\n\"PKR_VAR_proxmox_insecure_skip_tls_verify\": true\n\"PKR_VAR_proxmox_node_name\": \"canadium\"\n\"PKR_VAR_proxmox_password\": \"Azer-1234\"\n\"PKR_VAR_proxmox_username\": \"root@pam\"\n\"PKR_VAR_user_password\": \"ubuntu\"\n\"PKR_VAR_username\": \"canadium\"\n\"PKR_VAR_vm_cores\": 1\n\"PKR_VAR_vm_id\": 9999\n\"PKR_VAR_vm_memory\": 2048\n\"PKR_VAR_vm_name\": \"ubuntu-20.04\"\n\"PKR_VAR_vm_sockets\": 1\n\"PKR_VAR_vm_storage_pool\": \"local-lvm\"\n"
            }
          },
          "sensitive_attributes": [
            [
              {
                "type": "get_attr",
                "value": "triggers"
              },
              {
                "type": "index",
                "value": {
                  "value": "packer_cfg",
                  "type": "string"
                }
              }
            ]
          ],
          "private": "bnVsbA==",
          "dependencies": [
            "data.template_file.cloud-init-user-data",
            "local_file.user-data"
          ]
        }
      ]
    },
    {
      "mode": "managed",
      "type": "proxmox_vm_qemu",
      "name": "proxmox_vm_master",
      "provider": "provider[\"registry.terraform.io/telmate/proxmox\"]",
      "instances": [
        {
          "index_key": 0,
          "schema_version": 0,
          "attributes": {
            "additional_wait": 0,
            "agent": 1,
            "args": "",
            "automatic_reboot": true,
            "balloon": 0,
            "bios": "seabios",
            "boot": "c",
            "bootdisk": "",
            "bridge": "",
            "ci_wait": null,
            "cicustom": "",
            "cipassword": "",
            "ciuser": "",
            "clone": "ubuntu-20.04",
            "clone_wait": 0,
            "cloudinit_cdrom_storage": null,
            "cores": 2,
            "cpu": "host",
            "default_ipv4_address": "192.168.2.102",
            "define_connection_info": true,
            "desc": "Packer ephemeral build VM",
            "disk": [
              {
                "aio": "",
                "backup": 0,
                "cache": "none",
                "discard": "",
                "file": "vm-102-disk-0",
                "format": "raw",
                "iothread": 0,
                "mbps": 0,
                "mbps_rd": 0,
                "mbps_rd_max": 0,
                "mbps_wr": 0,
                "mbps_wr_max": 0,
                "media": "",
                "replicate": 0,
                "size": "20G",
                "slot": 0,
                "ssd": 0,
                "storage": "local-lvm",
                "storage_type": "lvmthin",
                "type": "scsi",
                "volume": "local-lvm:vm-102-disk-0"
              }
            ],
            "disk_gb": 0,
            "force_create": false,
            "force_recreate_on_change_of": null,
            "full_clone": true,
            "guest_agent_ready_timeout": 100,
            "hagroup": "",
            "hastate": "",
            "hotplug": "network,disk,usb",
            "id": "canadium/qemu/102",
            "ipconfig0": "ip=192.168.2.102/24,gw=192.168.2.1",
            "ipconfig1": "",
            "ipconfig2": "",
            "ipconfig3": "",
            "ipconfig4": "",
            "ipconfig5": "",
            "iso": null,
            "kvm": true,
            "mac": "",
            "memory": 2048,
            "name": "k3s-master-0",
            "nameserver": "",
            "network": [
              {
                "bridge": "vmbr0",
                "firewall": false,
                "link_down": false,
                "macaddr": "BA:A6:EA:4D:F0:26",
                "model": "e1000",
                "mtu": 0,
                "queues": 0,
                "rate": 0,
                "tag": -1
              }
            ],
            "nic": "",
            "numa": false,
            "onboot": false,
            "oncreate": true,
            "os_network_config": null,
            "os_type": "cloud-init",
            "pool": "",
            "preprovision": true,
            "pxe": null,
            "qemu_os": "other",
            "reboot_required": false,
            "scsihw": "lsi",
            "searchdomain": "",
            "serial": [],
            "sockets": 1,
            "ssh_forward_ip": null,
            "ssh_host": "192.168.2.102",
            "ssh_port": "22",
            "ssh_private_key": null,
            "ssh_user": null,
            "sshkeys": "",
            "storage": "",
            "storage_type": "",
            "tablet": true,
            "tags": "",
            "target_node": "canadium",
            "timeouts": null,
            "unused_disk": [],
            "usb": [],
            "vcpus": 0,
            "vga": [],
            "vlan": -1,
            "vmid": null
          },
          "sensitive_attributes": [],
          "private": "eyJlMmJmYjczMC1lY2FhLTExZTYtOGY4OC0zNDM2M2JjN2M0YzAiOnsiY3JlYXRlIjozMDAwMDAwMDAwMDAsImRlZmF1bHQiOjMwMDAwMDAwMDAwMCwiZGVsZXRlIjoxODAwMDAwMDAwMDAsInJlYWQiOjE4MDAwMDAwMDAwMCwidXBkYXRlIjoxODAwMDAwMDAwMDB9fQ==",
          "dependencies": [
            "data.template_file.cloud-init-user-data",
            "local_file.user-data",
            "null_resource.packer_build"
          ]
        }
      ]
    },
    {
      "mode": "managed",
      "type": "proxmox_vm_qemu",
      "name": "proxmox_vm_workers",
      "provider": "provider[\"registry.terraform.io/telmate/proxmox\"]",
      "instances": [
        {
          "index_key": 0,
          "schema_version": 0,
          "attributes": {
            "additional_wait": 0,
            "agent": 1,
            "args": "",
            "automatic_reboot": true,
            "balloon": 0,
            "bios": "seabios",
            "boot": "c",
            "bootdisk": "",
            "bridge": "",
            "ci_wait": null,
            "cicustom": "",
            "cipassword": "",
            "ciuser": "",
            "clone": "ubuntu-20.04",
            "clone_wait": 0,
            "cloudinit_cdrom_storage": null,
            "cores": 2,
            "cpu": "host",
            "default_ipv4_address": "192.168.2.103",
            "define_connection_info": true,
            "desc": "Packer ephemeral build VM",
            "disk": [
              {
                "aio": "",
                "backup": 0,
                "cache": "none",
                "discard": "",
                "file": "vm-103-disk-0",
                "format": "raw",
                "iothread": 0,
                "mbps": 0,
                "mbps_rd": 0,
                "mbps_rd_max": 0,
                "mbps_wr": 0,
                "mbps_wr_max": 0,
                "media": "",
                "replicate": 0,
                "size": "20G",
                "slot": 0,
                "ssd": 0,
                "storage": "local-lvm",
                "storage_type": "lvmthin",
                "type": "scsi",
                "volume": "local-lvm:vm-103-disk-0"
              }
            ],
            "disk_gb": 0,
            "force_create": false,
            "force_recreate_on_change_of": null,
            "full_clone": true,
            "guest_agent_ready_timeout": 100,
            "hagroup": "",
            "hastate": "",
            "hotplug": "network,disk,usb",
            "id": "canadium/qemu/103",
            "ipconfig0": "ip=192.168.2.103/24,gw=192.168.2.1",
            "ipconfig1": "",
            "ipconfig2": "",
            "ipconfig3": "",
            "ipconfig4": "",
            "ipconfig5": "",
            "iso": null,
            "kvm": true,
            "mac": "",
            "memory": 2048,
            "name": "k3s-worker-0",
            "nameserver": "",
            "network": [
              {
                "bridge": "vmbr0",
                "firewall": false,
                "link_down": false,
                "macaddr": "36:C0:F1:A1:0A:53",
                "model": "e1000",
                "mtu": 0,
                "queues": 0,
                "rate": 0,
                "tag": -1
              }
            ],
            "nic": "",
            "numa": false,
            "onboot": false,
            "oncreate": true,
            "os_network_config": null,
            "os_type": "cloud-init",
            "pool": "",
            "preprovision": true,
            "pxe": null,
            "qemu_os": "other",
            "reboot_required": false,
            "scsihw": "lsi",
            "searchdomain": "",
            "serial": [],
            "sockets": 1,
            "ssh_forward_ip": null,
            "ssh_host": "192.168.2.103",
            "ssh_port": "22",
            "ssh_private_key": null,
            "ssh_user": null,
            "sshkeys": "",
            "storage": "",
            "storage_type": "",
            "tablet": true,
            "tags": "",
            "target_node": "canadium",
            "timeouts": null,
            "unused_disk": [],
            "usb": [],
            "vcpus": 0,
            "vga": [],
            "vlan": -1,
            "vmid": null
          },
          "sensitive_attributes": [],
          "private": "eyJlMmJmYjczMC1lY2FhLTExZTYtOGY4OC0zNDM2M2JjN2M0YzAiOnsiY3JlYXRlIjozMDAwMDAwMDAwMDAsImRlZmF1bHQiOjMwMDAwMDAwMDAwMCwiZGVsZXRlIjoxODAwMDAwMDAwMDAsInJlYWQiOjE4MDAwMDAwMDAwMCwidXBkYXRlIjoxODAwMDAwMDAwMDB9fQ==",
          "dependencies": [
            "data.template_file.cloud-init-user-data",
            "local_file.user-data",
            "null_resource.packer_build"
          ]
        },
        {
          "index_key": 1,
          "schema_version": 0,
          "attributes": {
            "additional_wait": 0,
            "agent": 1,
            "args": "",
            "automatic_reboot": true,
            "balloon": 0,
            "bios": "seabios",
            "boot": "c",
            "bootdisk": "",
            "bridge": "",
            "ci_wait": null,
            "cicustom": "",
            "cipassword": "",
            "ciuser": "",
            "clone": "ubuntu-20.04",
            "clone_wait": 0,
            "cloudinit_cdrom_storage": null,
            "cores": 2,
            "cpu": "host",
            "default_ipv4_address": "192.168.2.104",
            "define_connection_info": true,
            "desc": "Packer ephemeral build VM",
            "disk": [
              {
                "aio": "",
                "backup": 0,
                "cache": "none",
                "discard": "",
                "file": "vm-101-disk-0",
                "format": "raw",
                "iothread": 0,
                "mbps": 0,
                "mbps_rd": 0,
                "mbps_rd_max": 0,
                "mbps_wr": 0,
                "mbps_wr_max": 0,
                "media": "",
                "replicate": 0,
                "size": "20G",
                "slot": 0,
                "ssd": 0,
                "storage": "local-lvm",
                "storage_type": "lvmthin",
                "type": "scsi",
                "volume": "local-lvm:vm-101-disk-0"
              }
            ],
            "disk_gb": 0,
            "force_create": false,
            "force_recreate_on_change_of": null,
            "full_clone": true,
            "guest_agent_ready_timeout": 100,
            "hagroup": "",
            "hastate": "",
            "hotplug": "network,disk,usb",
            "id": "canadium/qemu/101",
            "ipconfig0": "ip=192.168.2.104/24,gw=192.168.2.1",
            "ipconfig1": "",
            "ipconfig2": "",
            "ipconfig3": "",
            "ipconfig4": "",
            "ipconfig5": "",
            "iso": null,
            "kvm": true,
            "mac": "",
            "memory": 2048,
            "name": "k3s-worker-1",
            "nameserver": "",
            "network": [
              {
                "bridge": "vmbr0",
                "firewall": false,
                "link_down": false,
                "macaddr": "FE:3B:45:2E:E4:A0",
                "model": "e1000",
                "mtu": 0,
                "queues": 0,
                "rate": 0,
                "tag": -1
              }
            ],
            "nic": "",
            "numa": false,
            "onboot": false,
            "oncreate": true,
            "os_network_config": null,
            "os_type": "cloud-init",
            "pool": "",
            "preprovision": true,
            "pxe": null,
            "qemu_os": "other",
            "reboot_required": false,
            "scsihw": "lsi",
            "searchdomain": "",
            "serial": [],
            "sockets": 1,
            "ssh_forward_ip": null,
            "ssh_host": "192.168.2.104",
            "ssh_port": "22",
            "ssh_private_key": null,
            "ssh_user": null,
            "sshkeys": "",
            "storage": "",
            "storage_type": "",
            "tablet": true,
            "tags": "",
            "target_node": "canadium",
            "timeouts": null,
            "unused_disk": [],
            "usb": [],
            "vcpus": 0,
            "vga": [],
            "vlan": -1,
            "vmid": null
          },
          "sensitive_attributes": [],
          "private": "eyJlMmJmYjczMC1lY2FhLTExZTYtOGY4OC0zNDM2M2JjN2M0YzAiOnsiY3JlYXRlIjozMDAwMDAwMDAwMDAsImRlZmF1bHQiOjMwMDAwMDAwMDAwMCwiZGVsZXRlIjoxODAwMDAwMDAwMDAsInJlYWQiOjE4MDAwMDAwMDAwMCwidXBkYXRlIjoxODAwMDAwMDAwMDB9fQ==",
          "dependencies": [
            "data.template_file.cloud-init-user-data",
            "local_file.user-data",
            "null_resource.packer_build"
          ]
        }
      ]
    }
  ]
}
